// !$*UTF8*$!
{
	archiveVersion = 1;
	classes = {
	};
	objectVersion = 46;
	objects = {

/* Begin PBXBuildFile section */
		2C6CC67BCE2B93570C5FEAB3 /* libPods-PencuSe.a in Frameworks */ = {isa = PBXBuildFile; fileRef = 36ADC8F1F68B50512A8E6527 /* libPods-PencuSe.a */; };
		570CE5181A2A680100175385 /* BoardView.m in Sources */ = {isa = PBXBuildFile; fileRef = 570CE5171A2A680100175385 /* BoardView.m */; };
		570CE51E1A2A6B0500175385 /* PointView.m in Sources */ = {isa = PBXBuildFile; fileRef = 570CE51D1A2A6B0500175385 /* PointView.m */; };
		570CE5211A2A6B1300175385 /* CheckerView.m in Sources */ = {isa = PBXBuildFile; fileRef = 570CE5201A2A6B1300175385 /* CheckerView.m */; };
		570CE5241A2A853400175385 /* GameViewController.m in Sources */ = {isa = PBXBuildFile; fileRef = 570CE5231A2A853400175385 /* GameViewController.m */; };
		570CE5271A2A854100175385 /* DashboardViewController.m in Sources */ = {isa = PBXBuildFile; fileRef = 570CE5261A2A854100175385 /* DashboardViewController.m */; };
		576167951A2A407E0001B503 /* Warnings.xcconfig in Resources */ = {isa = PBXBuildFile; fileRef = 576167941A2A407E0001B503 /* Warnings.xcconfig */; };
		5782FF8E1A2A3799004DDA2F /* BaseViewController.m in Sources */ = {isa = PBXBuildFile; fileRef = 5782FF8D1A2A3799004DDA2F /* BaseViewController.m */; };
		5782FF911A2A37BC004DDA2F /* MenuViewController.m in Sources */ = {isa = PBXBuildFile; fileRef = 5782FF901A2A37BC004DDA2F /* MenuViewController.m */; };
		5782FF941A2A37CF004DDA2F /* BoardViewController.m in Sources */ = {isa = PBXBuildFile; fileRef = 5782FF931A2A37CF004DDA2F /* BoardViewController.m */; };
		57BE05021A2A564000ED927D /* BaseModel.m in Sources */ = {isa = PBXBuildFile; fileRef = 57BE05011A2A564000ED927D /* BaseModel.m */; };
		57CCCCB21A2A2AFB00C3E839 /* main.m in Sources */ = {isa = PBXBuildFile; fileRef = 57CCCCB11A2A2AFB00C3E839 /* main.m */; };
		57CCCCB51A2A2AFB00C3E839 /* AppDelegate.m in Sources */ = {isa = PBXBuildFile; fileRef = 57CCCCB41A2A2AFB00C3E839 /* AppDelegate.m */; };
		57CCCCBD1A2A2AFB00C3E839 /* Images.xcassets in Resources */ = {isa = PBXBuildFile; fileRef = 57CCCCBC1A2A2AFB00C3E839 /* Images.xcassets */; };
		57CCCCC01A2A2AFB00C3E839 /* LaunchScreen.xib in Resources */ = {isa = PBXBuildFile; fileRef = 57CCCCBE1A2A2AFB00C3E839 /* LaunchScreen.xib */; };
		57CCCCCC1A2A2AFB00C3E839 /* PencuSeTests.m in Sources */ = {isa = PBXBuildFile; fileRef = 57CCCCCB1A2A2AFB00C3E839 /* PencuSeTests.m */; };
/* End PBXBuildFile section */

/* Begin PBXContainerItemProxy section */
		57CCCCC61A2A2AFB00C3E839 /* PBXContainerItemProxy */ = {
			isa = PBXContainerItemProxy;
			containerPortal = 57CCCCA41A2A2AFB00C3E839 /* Project object */;
			proxyType = 1;
			remoteGlobalIDString = 57CCCCAB1A2A2AFB00C3E839;
			remoteInfo = PencuSe;
		};
/* End PBXContainerItemProxy section */

/* Begin PBXFileReference section */
		36ADC8F1F68B50512A8E6527 /* libPods-PencuSe.a */ = {isa = PBXFileReference; explicitFileType = archive.ar; includeInIndex = 0; path = "libPods-PencuSe.a"; sourceTree = BUILT_PRODUCTS_DIR; };
		570CE5161A2A680100175385 /* BoardView.h */ = {isa = PBXFileReference; fileEncoding = 4; lastKnownFileType = sourcecode.c.h; path = BoardView.h; sourceTree = "<group>"; };
		570CE5171A2A680100175385 /* BoardView.m */ = {isa = PBXFileReference; fileEncoding = 4; lastKnownFileType = sourcecode.c.objc; path = BoardView.m; sourceTree = "<group>"; };
		570CE51C1A2A6B0500175385 /* PointView.h */ = {isa = PBXFileReference; fileEncoding = 4; lastKnownFileType = sourcecode.c.h; path = PointView.h; sourceTree = "<group>"; };
		570CE51D1A2A6B0500175385 /* PointView.m */ = {isa = PBXFileReference; fileEncoding = 4; lastKnownFileType = sourcecode.c.objc; path = PointView.m; sourceTree = "<group>"; };
		570CE51F1A2A6B1300175385 /* CheckerView.h */ = {isa = PBXFileReference; fileEncoding = 4; lastKnownFileType = sourcecode.c.h; path = CheckerView.h; sourceTree = "<group>"; };
		570CE5201A2A6B1300175385 /* CheckerView.m */ = {isa = PBXFileReference; fileEncoding = 4; lastKnownFileType = sourcecode.c.objc; path = CheckerView.m; sourceTree = "<group>"; };
		570CE5221A2A853400175385 /* GameViewController.h */ = {isa = PBXFileReference; fileEncoding = 4; lastKnownFileType = sourcecode.c.h; path = GameViewController.h; sourceTree = "<group>"; };
		570CE5231A2A853400175385 /* GameViewController.m */ = {isa = PBXFileReference; fileEncoding = 4; lastKnownFileType = sourcecode.c.objc; path = GameViewController.m; sourceTree = "<group>"; };
		570CE5251A2A854100175385 /* DashboardViewController.h */ = {isa = PBXFileReference; fileEncoding = 4; lastKnownFileType = sourcecode.c.h; path = DashboardViewController.h; sourceTree = "<group>"; };
		570CE5261A2A854100175385 /* DashboardViewController.m */ = {isa = PBXFileReference; fileEncoding = 4; lastKnownFileType = sourcecode.c.objc; path = DashboardViewController.m; sourceTree = "<group>"; };
		576167941A2A407E0001B503 /* Warnings.xcconfig */ = {isa = PBXFileReference; fileEncoding = 4; lastKnownFileType = text.xcconfig; path = Warnings.xcconfig; sourceTree = "<group>"; };
		5782FF8C1A2A3799004DDA2F /* BaseViewController.h */ = {isa = PBXFileReference; fileEncoding = 4; lastKnownFileType = sourcecode.c.h; path = BaseViewController.h; sourceTree = "<group>"; };
		5782FF8D1A2A3799004DDA2F /* BaseViewController.m */ = {isa = PBXFileReference; fileEncoding = 4; lastKnownFileType = sourcecode.c.objc; path = BaseViewController.m; sourceTree = "<group>"; };
		5782FF8F1A2A37BC004DDA2F /* MenuViewController.h */ = {isa = PBXFileReference; fileEncoding = 4; lastKnownFileType = sourcecode.c.h; path = MenuViewController.h; sourceTree = "<group>"; };
		5782FF901A2A37BC004DDA2F /* MenuViewController.m */ = {isa = PBXFileReference; fileEncoding = 4; lastKnownFileType = sourcecode.c.objc; path = MenuViewController.m; sourceTree = "<group>"; };
		5782FF921A2A37CF004DDA2F /* BoardViewController.h */ = {isa = PBXFileReference; fileEncoding = 4; lastKnownFileType = sourcecode.c.h; path = BoardViewController.h; sourceTree = "<group>"; };
		5782FF931A2A37CF004DDA2F /* BoardViewController.m */ = {isa = PBXFileReference; fileEncoding = 4; lastKnownFileType = sourcecode.c.objc; path = BoardViewController.m; sourceTree = "<group>"; };
		57BE05001A2A564000ED927D /* BaseModel.h */ = {isa = PBXFileReference; fileEncoding = 4; lastKnownFileType = sourcecode.c.h; path = BaseModel.h; sourceTree = "<group>"; };
		57BE05011A2A564000ED927D /* BaseModel.m */ = {isa = PBXFileReference; fileEncoding = 4; lastKnownFileType = sourcecode.c.objc; path = BaseModel.m; sourceTree = "<group>"; };
		57CCCCAC1A2A2AFB00C3E839 /* PencuSe.app */ = {isa = PBXFileReference; explicitFileType = wrapper.application; includeInIndex = 0; path = PencuSe.app; sourceTree = BUILT_PRODUCTS_DIR; };
		57CCCCB01A2A2AFB00C3E839 /* Info.plist */ = {isa = PBXFileReference; lastKnownFileType = text.plist.xml; path = Info.plist; sourceTree = "<group>"; };
		57CCCCB11A2A2AFB00C3E839 /* main.m */ = {isa = PBXFileReference; lastKnownFileType = sourcecode.c.objc; path = main.m; sourceTree = "<group>"; };
		57CCCCB31A2A2AFB00C3E839 /* AppDelegate.h */ = {isa = PBXFileReference; lastKnownFileType = sourcecode.c.h; path = AppDelegate.h; sourceTree = "<group>"; };
		57CCCCB41A2A2AFB00C3E839 /* AppDelegate.m */ = {isa = PBXFileReference; lastKnownFileType = sourcecode.c.objc; path = AppDelegate.m; sourceTree = "<group>"; };
		57CCCCBC1A2A2AFB00C3E839 /* Images.xcassets */ = {isa = PBXFileReference; lastKnownFileType = folder.assetcatalog; path = Images.xcassets; sourceTree = "<group>"; };
		57CCCCBF1A2A2AFB00C3E839 /* Base */ = {isa = PBXFileReference; lastKnownFileType = file.xib; name = Base; path = Base.lproj/LaunchScreen.xib; sourceTree = "<group>"; };
		57CCCCC51A2A2AFB00C3E839 /* PencuSeTests.xctest */ = {isa = PBXFileReference; explicitFileType = wrapper.cfbundle; includeInIndex = 0; path = PencuSeTests.xctest; sourceTree = BUILT_PRODUCTS_DIR; };
		57CCCCCA1A2A2AFB00C3E839 /* Info.plist */ = {isa = PBXFileReference; lastKnownFileType = text.plist.xml; path = Info.plist; sourceTree = "<group>"; };
		57CCCCCB1A2A2AFB00C3E839 /* PencuSeTests.m */ = {isa = PBXFileReference; lastKnownFileType = sourcecode.c.objc; path = PencuSeTests.m; sourceTree = "<group>"; };
		87AAAA9DBCD776044ADD47D3 /* Pods-PencuSe.release.xcconfig */ = {isa = PBXFileReference; includeInIndex = 1; lastKnownFileType = text.xcconfig; name = "Pods-PencuSe.release.xcconfig"; path = "Pods/Target Support Files/Pods-PencuSe/Pods-PencuSe.release.xcconfig"; sourceTree = "<group>"; };
		C3AA8D41CF70FD6473707723 /* Pods-PencuSe.debug.xcconfig */ = {isa = PBXFileReference; includeInIndex = 1; lastKnownFileType = text.xcconfig; name = "Pods-PencuSe.debug.xcconfig"; path = "Pods/Target Support Files/Pods-PencuSe/Pods-PencuSe.debug.xcconfig"; sourceTree = "<group>"; };
/* End PBXFileReference section */

/* Begin PBXFrameworksBuildPhase section */
		57CCCCA91A2A2AFB00C3E839 /* Frameworks */ = {
			isa = PBXFrameworksBuildPhase;
			buildActionMask = 2147483647;
			files = (
				2C6CC67BCE2B93570C5FEAB3 /* libPods-PencuSe.a in Frameworks */,
			);
			runOnlyForDeploymentPostprocessing = 0;
		};
		57CCCCC21A2A2AFB00C3E839 /* Frameworks */ = {
			isa = PBXFrameworksBuildPhase;
			buildActionMask = 2147483647;
			files = (
			);
			runOnlyForDeploymentPostprocessing = 0;
		};
/* End PBXFrameworksBuildPhase section */

/* Begin PBXGroup section */
		5782FF851A2A330E004DDA2F /* Model */ = {
			isa = PBXGroup;
			children = (
				57BE05001A2A564000ED927D /* BaseModel.h */,
				57BE05011A2A564000ED927D /* BaseModel.m */,
			);
			path = Model;
			sourceTree = "<group>";
		};
		5782FF881A2A3375004DDA2F /* View */ = {
			isa = PBXGroup;
			children = (
				570CE5161A2A680100175385 /* BoardView.h */,
				570CE5171A2A680100175385 /* BoardView.m */,
				570CE51C1A2A6B0500175385 /* PointView.h */,
				570CE51D1A2A6B0500175385 /* PointView.m */,
				570CE51F1A2A6B1300175385 /* CheckerView.h */,
				570CE5201A2A6B1300175385 /* CheckerView.m */,
			);
			path = View;
			sourceTree = "<group>";
		};
		5782FF891A2A337D004DDA2F /* Controller */ = {
			isa = PBXGroup;
			children = (
				5782FF8C1A2A3799004DDA2F /* BaseViewController.h */,
				5782FF8D1A2A3799004DDA2F /* BaseViewController.m */,
				5782FF8F1A2A37BC004DDA2F /* MenuViewController.h */,
				5782FF901A2A37BC004DDA2F /* MenuViewController.m */,
				5782FF921A2A37CF004DDA2F /* BoardViewController.h */,
				5782FF931A2A37CF004DDA2F /* BoardViewController.m */,
				570CE5221A2A853400175385 /* GameViewController.h */,
				570CE5231A2A853400175385 /* GameViewController.m */,
				570CE5251A2A854100175385 /* DashboardViewController.h */,
				570CE5261A2A854100175385 /* DashboardViewController.m */,
			);
			path = Controller;
			sourceTree = "<group>";
		};
		57CCCCA31A2A2AFB00C3E839 = {
			isa = PBXGroup;
			children = (
				57CCCCAE1A2A2AFB00C3E839 /* PencuSe */,
				57CCCCC81A2A2AFB00C3E839 /* PencuSeTests */,
				57CCCCAD1A2A2AFB00C3E839 /* Products */,
				601323E9F4C0FE90E71E3699 /* Pods */,
				9777D8D1428147B52F18B48C /* Frameworks */,
			);
			sourceTree = "<group>";
		};
		57CCCCAD1A2A2AFB00C3E839 /* Products */ = {
			isa = PBXGroup;
			children = (
				57CCCCAC1A2A2AFB00C3E839 /* PencuSe.app */,
				57CCCCC51A2A2AFB00C3E839 /* PencuSeTests.xctest */,
			);
			name = Products;
			sourceTree = "<group>";
		};
		57CCCCAE1A2A2AFB00C3E839 /* PencuSe */ = {
			isa = PBXGroup;
			children = (
				576167941A2A407E0001B503 /* Warnings.xcconfig */,
				5782FF891A2A337D004DDA2F /* Controller */,
				5782FF881A2A3375004DDA2F /* View */,
				5782FF851A2A330E004DDA2F /* Model */,
				57CCCCB31A2A2AFB00C3E839 /* AppDelegate.h */,
				57CCCCB41A2A2AFB00C3E839 /* AppDelegate.m */,
				57CCCCBC1A2A2AFB00C3E839 /* Images.xcassets */,
				57CCCCBE1A2A2AFB00C3E839 /* LaunchScreen.xib */,
				57CCCCAF1A2A2AFB00C3E839 /* Supporting Files */,
			);
			path = PencuSe;
			sourceTree = "<group>";
		};
		57CCCCAF1A2A2AFB00C3E839 /* Supporting Files */ = {
			isa = PBXGroup;
			children = (
				57CCCCB01A2A2AFB00C3E839 /* Info.plist */,
				57CCCCB11A2A2AFB00C3E839 /* main.m */,
			);
			path = "Supporting Files";
			sourceTree = "<group>";
		};
		57CCCCC81A2A2AFB00C3E839 /* PencuSeTests */ = {
			isa = PBXGroup;
			children = (
				57CCCCCB1A2A2AFB00C3E839 /* PencuSeTests.m */,
				57CCCCC91A2A2AFB00C3E839 /* Supporting Files */,
			);
			path = PencuSeTests;
			sourceTree = "<group>";
		};
		57CCCCC91A2A2AFB00C3E839 /* Supporting Files */ = {
			isa = PBXGroup;
			children = (
				57CCCCCA1A2A2AFB00C3E839 /* Info.plist */,
			);
			path = "Supporting Files";
			sourceTree = "<group>";
		};
		601323E9F4C0FE90E71E3699 /* Pods */ = {
			isa = PBXGroup;
			children = (
				87AAAA9DBCD776044ADD47D3 /* Pods-PencuSe.release.xcconfig */,
				C3AA8D41CF70FD6473707723 /* Pods-PencuSe.debug.xcconfig */,
			);
			name = Pods;
			sourceTree = "<group>";
		};
		9777D8D1428147B52F18B48C /* Frameworks */ = {
			isa = PBXGroup;
			children = (
				36ADC8F1F68B50512A8E6527 /* libPods-PencuSe.a */,
			);
			name = Frameworks;
			sourceTree = "<group>";
		};
/* End PBXGroup section */

/* Begin PBXNativeTarget section */
		57CCCCAB1A2A2AFB00C3E839 /* PencuSe */ = {
			isa = PBXNativeTarget;
			buildConfigurationList = 57CCCCCF1A2A2AFB00C3E839 /* Build configuration list for PBXNativeTarget "PencuSe" */;
			buildPhases = (
				57CCCCA81A2A2AFB00C3E839 /* Sources */,
				57CCCCA91A2A2AFB00C3E839 /* Frameworks */,
				57CCCCAA1A2A2AFB00C3E839 /* Resources */,
			);
			buildRules = (
			);
			dependencies = (
			);
			name = PencuSe;
			productName = PencuSe;
			productReference = 57CCCCAC1A2A2AFB00C3E839 /* PencuSe.app */;
			productType = "com.apple.product-type.application";
		};
		57CCCCC41A2A2AFB00C3E839 /* PencuSeTests */ = {
			isa = PBXNativeTarget;
			buildConfigurationList = 57CCCCD21A2A2AFB00C3E839 /* Build configuration list for PBXNativeTarget "PencuSeTests" */;
			buildPhases = (
				57CCCCC11A2A2AFB00C3E839 /* Sources */,
				57CCCCC21A2A2AFB00C3E839 /* Frameworks */,
				57CCCCC31A2A2AFB00C3E839 /* Resources */,
			);
			buildRules = (
			);
			dependencies = (
				57CCCCC71A2A2AFB00C3E839 /* PBXTargetDependency */,
			);
			name = PencuSeTests;
			productName = PencuSeTests;
			productReference = 57CCCCC51A2A2AFB00C3E839 /* PencuSeTests.xctest */;
			productType = "com.apple.product-type.bundle.unit-test";
		};
/* End PBXNativeTarget section */

/* Begin PBXProject section */
		57CCCCA41A2A2AFB00C3E839 /* Project object */ = {
			isa = PBXProject;
			attributes = {
				LastUpgradeCheck = 0610;
				ORGANIZATIONNAME = "Ahmet Karalar";
				TargetAttributes = {
					57CCCCAB1A2A2AFB00C3E839 = {
						CreatedOnToolsVersion = 6.1;
						DevelopmentTeam = 4ZYHKZZ358;
					};
					57CCCCC41A2A2AFB00C3E839 = {
						CreatedOnToolsVersion = 6.1;
						TestTargetID = 57CCCCAB1A2A2AFB00C3E839;
					};
				};
			};
			buildConfigurationList = 57CCCCA71A2A2AFB00C3E839 /* Build configuration list for PBXProject "PencuSe" */;
			compatibilityVersion = "Xcode 3.2";
			developmentRegion = English;
			hasScannedForEncodings = 0;
			knownRegions = (
				en,
				Base,
			);
			mainGroup = 57CCCCA31A2A2AFB00C3E839;
			productRefGroup = 57CCCCAD1A2A2AFB00C3E839 /* Products */;
			projectDirPath = "";
			projectRoot = "";
			targets = (
				57CCCCAB1A2A2AFB00C3E839 /* PencuSe */,
				57CCCCC41A2A2AFB00C3E839 /* PencuSeTests */,
			);
		};
/* End PBXProject section */

/* Begin PBXResourcesBuildPhase section */
		57CCCCAA1A2A2AFB00C3E839 /* Resources */ = {
			isa = PBXResourcesBuildPhase;
			buildActionMask = 2147483647;
			files = (
				576167951A2A407E0001B503 /* Warnings.xcconfig in Resources */,
				57CCCCC01A2A2AFB00C3E839 /* LaunchScreen.xib in Resources */,
				57CCCCBD1A2A2AFB00C3E839 /* Images.xcassets in Resources */,
			);
			runOnlyForDeploymentPostprocessing = 0;
		};
		57CCCCC31A2A2AFB00C3E839 /* Resources */ = {
			isa = PBXResourcesBuildPhase;
			buildActionMask = 2147483647;
			files = (
			);
			runOnlyForDeploymentPostprocessing = 0;
		};
/* End PBXResourcesBuildPhase section */

/* Begin PBXSourcesBuildPhase section */
		57CCCCA81A2A2AFB00C3E839 /* Sources */ = {
			isa = PBXSourcesBuildPhase;
			buildActionMask = 2147483647;
			files = (
				570CE5241A2A853400175385 /* GameViewController.m in Sources */,
				57BE05021A2A564000ED927D /* BaseModel.m in Sources */,
				5782FF8E1A2A3799004DDA2F /* BaseViewController.m in Sources */,
				57CCCCB51A2A2AFB00C3E839 /* AppDelegate.m in Sources */,
				570CE51E1A2A6B0500175385 /* PointView.m in Sources */,
				570CE5271A2A854100175385 /* DashboardViewController.m in Sources */,
				570CE5211A2A6B1300175385 /* CheckerView.m in Sources */,
				5782FF941A2A37CF004DDA2F /* BoardViewController.m in Sources */,
				57CCCCB21A2A2AFB00C3E839 /* main.m in Sources */,
				5782FF911A2A37BC004DDA2F /* MenuViewController.m in Sources */,
				570CE5181A2A680100175385 /* BoardView.m in Sources */,
			);
			runOnlyForDeploymentPostprocessing = 0;
		};
		57CCCCC11A2A2AFB00C3E839 /* Sources */ = {
			isa = PBXSourcesBuildPhase;
			buildActionMask = 2147483647;
			files = (
				57CCCCCC1A2A2AFB00C3E839 /* PencuSeTests.m in Sources */,
			);
			runOnlyForDeploymentPostprocessing = 0;
		};
/* End PBXSourcesBuildPhase section */

/* Begin PBXTargetDependency section */
		57CCCCC71A2A2AFB00C3E839 /* PBXTargetDependency */ = {
			isa = PBXTargetDependency;
			target = 57CCCCAB1A2A2AFB00C3E839 /* PencuSe */;
			targetProxy = 57CCCCC61A2A2AFB00C3E839 /* PBXContainerItemProxy */;
		};
/* End PBXTargetDependency section */

/* Begin PBXVariantGroup section */
		57CCCCBE1A2A2AFB00C3E839 /* LaunchScreen.xib */ = {
			isa = PBXVariantGroup;
			children = (
				57CCCCBF1A2A2AFB00C3E839 /* Base */,
			);
			name = LaunchScreen.xib;
			sourceTree = "<group>";
		};
/* End PBXVariantGroup section */

/* Begin XCBuildConfiguration section */
		57CCCCCD1A2A2AFB00C3E839 /* Debug */ = {
			isa = XCBuildConfiguration;
			buildSettings = {
				ALWAYS_SEARCH_USER_PATHS = NO;
				CLANG_CXX_LANGUAGE_STANDARD = "gnu++0x";
				CLANG_CXX_LIBRARY = "libc++";
				CLANG_ENABLE_MODULES = YES;
				CLANG_ENABLE_OBJC_ARC = YES;
				CLANG_WARN_BOOL_CONVERSION = YES;
				CLANG_WARN_CONSTANT_CONVERSION = YES;
				CLANG_WARN_DIRECT_OBJC_ISA_USAGE = YES_ERROR;
				CLANG_WARN_EMPTY_BODY = YES;
				CLANG_WARN_ENUM_CONVERSION = YES;
				CLANG_WARN_INT_CONVERSION = YES;
				CLANG_WARN_OBJC_ROOT_CLASS = YES_ERROR;
				CLANG_WARN_UNREACHABLE_CODE = YES;
				CLANG_WARN__DUPLICATE_METHOD_MATCH = YES;
				"CODE_SIGN_IDENTITY[sdk=iphoneos*]" = "iPhone Developer: Ahmet Karalar (SJ46GVQEKJ)";
				COPY_PHASE_STRIP = NO;
				ENABLE_STRICT_OBJC_MSGSEND = YES;
				GCC_C_LANGUAGE_STANDARD = gnu99;
				GCC_DYNAMIC_NO_PIC = NO;
				GCC_OPTIMIZATION_LEVEL = 0;
				GCC_PREPROCESSOR_DEFINITIONS = (
					"DEBUG=1",
					"$(inherited)",
				);
				GCC_SYMBOLS_PRIVATE_EXTERN = NO;
				GCC_WARN_64_TO_32_BIT_CONVERSION = YES;
				GCC_WARN_ABOUT_RETURN_TYPE = YES_ERROR;
				GCC_WARN_UNDECLARED_SELECTOR = YES;
				GCC_WARN_UNINITIALIZED_AUTOS = YES_AGGRESSIVE;
				GCC_WARN_UNUSED_FUNCTION = YES;
				GCC_WARN_UNUSED_VARIABLE = YES;
				IPHONEOS_DEPLOYMENT_TARGET = 8.0;
				MTL_ENABLE_DEBUG_INFO = YES;
				ONLY_ACTIVE_ARCH = YES;
				SDKROOT = iphoneos;
				TARGETED_DEVICE_FAMILY = "1,2";
			};
			name = Debug;
		};
		57CCCCCE1A2A2AFB00C3E839 /* Release */ = {
			isa = XCBuildConfiguration;
			buildSettings = {
				ALWAYS_SEARCH_USER_PATHS = NO;
				CLANG_CXX_LANGUAGE_STANDARD = "gnu++0x";
				CLANG_CXX_LIBRARY = "libc++";
				CLANG_ENABLE_MODULES = YES;
				CLANG_ENABLE_OBJC_ARC = YES;
				CLANG_WARN_BOOL_CONVERSION = YES;
				CLANG_WARN_CONSTANT_CONVERSION = YES;
				CLANG_WARN_DIRECT_OBJC_ISA_USAGE = YES_ERROR;
				CLANG_WARN_EMPTY_BODY = YES;
				CLANG_WARN_ENUM_CONVERSION = YES;
				CLANG_WARN_INT_CONVERSION = YES;
				CLANG_WARN_OBJC_ROOT_CLASS = YES_ERROR;
				CLANG_WARN_UNREACHABLE_CODE = YES;
				CLANG_WARN__DUPLICATE_METHOD_MATCH = YES;
				"CODE_SIGN_IDENTITY[sdk=iphoneos*]" = "iPhone Distribution: Ahmet Karalar (4ZYHKZZ358)";
				COPY_PHASE_STRIP = YES;
				ENABLE_NS_ASSERTIONS = NO;
				ENABLE_STRICT_OBJC_MSGSEND = YES;
				GCC_C_LANGUAGE_STANDARD = gnu99;
				GCC_WARN_64_TO_32_BIT_CONVERSION = YES;
				GCC_WARN_ABOUT_RETURN_TYPE = YES_ERROR;
				GCC_WARN_UNDECLARED_SELECTOR = YES;
				GCC_WARN_UNINITIALIZED_AUTOS = YES_AGGRESSIVE;
				GCC_WARN_UNUSED_FUNCTION = YES;
				GCC_WARN_UNUSED_VARIABLE = YES;
				IPHONEOS_DEPLOYMENT_TARGET = 8.0;
				MTL_ENABLE_DEBUG_INFO = NO;
				SDKROOT = iphoneos;
				TARGETED_DEVICE_FAMILY = "1,2";
				VALIDATE_PRODUCT = YES;
			};
			name = Release;
		};
		57CCCCD01A2A2AFB00C3E839 /* Debug */ = {
			isa = XCBuildConfiguration;
			baseConfigurationReference = 576167941A2A407E0001B503 /* Warnings.xcconfig */;
			buildSettings = {
				ASSETCATALOG_COMPILER_APPICON_NAME = AppIcon;
				CODE_SIGN_IDENTITY = "iPhone Developer";
				INFOPLIST_FILE = "PencuSe/Supporting Files/Info.plist";
				IPHONEOS_DEPLOYMENT_TARGET = 8.0;
				LD_RUNPATH_SEARCH_PATHS = "$(inherited) @executable_path/Frameworks";
				PRODUCT_NAME = "$(TARGET_NAME)";
			};
			name = Debug;
		};
		57CCCCD11A2A2AFB00C3E839 /* Release */ = {
			isa = XCBuildConfiguration;
			baseConfigurationReference = 87AAAA9DBCD776044ADD47D3 /* Pods-PencuSe.release.xcconfig */;
			buildSettings = {
				ASSETCATALOG_COMPILER_APPICON_NAME = AppIcon;
				CODE_SIGN_IDENTITY = "iPhone Developer";
				INFOPLIST_FILE = "PencuSe/Supporting Files/Info.plist";
				IPHONEOS_DEPLOYMENT_TARGET = 8.0;
				LD_RUNPATH_SEARCH_PATHS = "$(inherited) @executable_path/Frameworks";
				PRODUCT_NAME = "$(TARGET_NAME)";
			};
			name = Release;
		};
		57CCCCD31A2A2AFB00C3E839 /* Debug */ = {
			isa = XCBuildConfiguration;
			buildSettings = {
				BUNDLE_LOADER = "$(TEST_HOST)";
				FRAMEWORK_SEARCH_PATHS = (
					"$(SDKROOT)/Developer/Library/Frameworks",
					"$(inherited)",
				);
				GCC_PREPROCESSOR_DEFINITIONS = (
					"DEBUG=1",
					"$(inherited)",
				);
				INFOPLIST_FILE = "PencuSeTests/Supporting Files/Info.plist";
				LD_RUNPATH_SEARCH_PATHS = "$(inherited) @executable_path/Frameworks @loader_path/Frameworks";
				PRODUCT_NAME = "$(TARGET_NAME)";
				TEST_HOST = "$(BUILT_PRODUCTS_DIR)/PencuSe.app/PencuSe";
			};
			name = Debug;
		};
		57CCCCD41A2A2AFB00C3E839 /* Release */ = {
			isa = XCBuildConfiguration;
			buildSettings = {
				BUNDLE_LOADER = "$(TEST_HOST)";
				FRAMEWORK_SEARCH_PATHS = (
					"$(SDKROOT)/Developer/Library/Frameworks",
					"$(inherited)",
				);
				INFOPLIST_FILE = "PencuSeTests/Supporting Files/Info.plist";
				LD_RUNPATH_SEARCH_PATHS = "$(inherited) @executable_path/Frameworks @loader_path/Frameworks";
				PRODUCT_NAME = "$(TARGET_NAME)";
				TEST_HOST = "$(BUILT_PRODUCTS_DIR)/PencuSe.app/PencuSe";
			};
			name = Release;
		};
/* End XCBuildConfiguration section */

/* Begin XCConfigurationList section */
		57CCCCA71A2A2AFB00C3E839 /* Build configuration list for PBXProject "PencuSe" */ = {
			isa = XCConfigurationList;
			buildConfigurations = (
				57CCCCCD1A2A2AFB00C3E839 /* Debug */,
				57CCCCCE1A2A2AFB00C3E839 /* Release */,
			);
			defaultConfigurationIsVisible = 0;
			defaultConfigurationName = Release;
		};
		57CCCCCF1A2A2AFB00C3E839 /* Build configuration list for PBXNativeTarget "PencuSe" */ = {
			isa = XCConfigurationList;
			buildConfigurations = (
				57CCCCD01A2A2AFB00C3E839 /* Debug */,
				57CCCCD11A2A2AFB00C3E839 /* Release */,
			);
			defaultConfigurationIsVisible = 0;
			defaultConfigurationName = Release;
		};
		57CCCCD21A2A2AFB00C3E839 /* Build configuration list for PBXNativeTarget "PencuSeTests" */ = {
			isa = XCConfigurationList;
			buildConfigurations = (
				57CCCCD31A2A2AFB00C3E839 /* Debug */,
				57CCCCD41A2A2AFB00C3E839 /* Release */,
			);
			defaultConfigurationIsVisible = 0;
			defaultConfigurationName = Release;
		};
/* End XCConfigurationList section */
	};
	rootObject = 57CCCCA41A2A2AFB00C3E839 /* Project object */;
}
